
Microsoft Visual Studio Solution File, Format Version 12.00
# Visual Studio 15
VisualStudioVersion = 15.0.28307.271
MinimumVisualStudioVersion = 10.0.40219.1
Project("{FAE04EC0-301F-11D3-BF4B-00C04F79EFBC}") = "lab04_davis", "lab04_davis\lab04_davis.csproj", "{0BC82C5A-BF92-40CF-AE06-7785C8D0BF3D}"
EndProject
Global
	GlobalSection(SolutionConfigurationPlatforms) = preSolution
		Debug|Any CPU = Debug|Any CPU
		Release|Any CPU = Release|Any CPU
	EndGlobalSection
	GlobalSection(ProjectConfigurationPlatforms) = postSolution
		{0BC82C5A-BF92-40CF-AE06-7785C8D0BF3D}.Debug|Any CPU.ActiveCfg = Debug|Any CPU
		{0BC82C5A-BF92-40CF-AE06-7785C8D0BF3D}.Debug|Any CPU.Build.0 = Debug|Any CPU
		{0BC82C5A-BF92-40CF-AE06-7785C8D0BF3D}.Release|Any CPU.ActiveCfg = Release|Any CPU
		{0BC82C5A-BF92-40CF-AE06-7785C8D0BF3D}.Release|Any CPU.Build.0 = Release|Any CPU
	EndGlobalSection
	GlobalSection(SolutionProperties) = preSolution
		HideSolutionNode = FALSE
	EndGlobalSection
	GlobalSection(ExtensibilityGlobals) = postSolution
		SolutionGuid = {65703F01-71DE-4F94-9442-8AA0D07BD0DC}
	EndGlobalSection
EndGlobal
