
Microsoft Visual Studio Solution File, Format Version 12.00
# Visual Studio 15
VisualStudioVersion = 15.0.28307.271
MinimumVisualStudioVersion = 10.0.40219.1
Project("{FAE04EC0-301F-11D3-BF4B-00C04F79EFBC}") = "lab01", "lab01\lab01.csproj", "{3608E933-24E5-4F41-BAD3-1FFAA82AF013}"
EndProject
Global
	GlobalSection(SolutionConfigurationPlatforms) = preSolution
		Debug|Any CPU = Debug|Any CPU
		Release|Any CPU = Release|Any CPU
	EndGlobalSection
	GlobalSection(ProjectConfigurationPlatforms) = postSolution
		{3608E933-24E5-4F41-BAD3-1FFAA82AF013}.Debug|Any CPU.ActiveCfg = Debug|Any CPU
		{3608E933-24E5-4F41-BAD3-1FFAA82AF013}.Debug|Any CPU.Build.0 = Debug|Any CPU
		{3608E933-24E5-4F41-BAD3-1FFAA82AF013}.Release|Any CPU.ActiveCfg = Release|Any CPU
		{3608E933-24E5-4F41-BAD3-1FFAA82AF013}.Release|Any CPU.Build.0 = Release|Any CPU
	EndGlobalSection
	GlobalSection(SolutionProperties) = preSolution
		HideSolutionNode = FALSE
	EndGlobalSection
	GlobalSection(ExtensibilityGlobals) = postSolution
		SolutionGuid = {AA11EEDE-5638-475E-839B-8670A8E6C5A9}
	EndGlobalSection
EndGlobal
